
Microsoft Visual Studio Solution File, Format Version 12.00
# Visual Studio 15
VisualStudioVersion = 15.0.28307.136
MinimumVisualStudioVersion = 10.0.40219.1
Project("{FAE04EC0-301F-11D3-BF4B-00C04F79EFBC}") = "Ventas.Android", "Ventas\Ventas.Android\Ventas.Android.csproj", "{F8CDECED-765C-475D-8BDC-96BF5BD61052}"
EndProject
Project("{FAE04EC0-301F-11D3-BF4B-00C04F79EFBC}") = "Ventas.iOS", "Ventas\Ventas.iOS\Ventas.iOS.csproj", "{6312F5A2-9A94-40E1-994B-0CB65B5F898C}"
EndProject
Project("{FAE04EC0-301F-11D3-BF4B-00C04F79EFBC}") = "Ventas.UWP", "Ventas\Ventas.UWP\Ventas.UWP.csproj", "{6FADBEE9-3D26-4875-BC52-E6A22BC6EEA3}"
EndProject
Project("{FAE04EC0-301F-11D3-BF4B-00C04F79EFBC}") = "Ventas", "Ventas\Ventas\Ventas.csproj", "{884C9C8A-A28B-47C7-9AD7-B61A06232458}"
EndProject
Project("{FAE04EC0-301F-11D3-BF4B-00C04F79EFBC}") = "Ventas.Backend", "Ventas.Backend\Ventas.Backend.csproj", "{71A043E3-3C3D-4FDD-9642-F0EB8B995ED3}"
EndProject
Project("{FAE04EC0-301F-11D3-BF4B-00C04F79EFBC}") = "Ventas.API", "Ventas.API\Ventas.API.csproj", "{6DAC4972-92FE-4138-A1B9-70B51B9DCE49}"
EndProject
Project("{FAE04EC0-301F-11D3-BF4B-00C04F79EFBC}") = "Ventas.Domain", "Ventas.Domain\Ventas.Domain.csproj", "{E9F95706-D21D-4DC4-9A83-E291A3A129EE}"
EndProject
Project("{FAE04EC0-301F-11D3-BF4B-00C04F79EFBC}") = "Ventas.Common", "Ventas.Common\Ventas.Common.csproj", "{EBF413A6-7286-49EC-B5CF-8513BB8D30B2}"
EndProject
Global
	GlobalSection(SolutionConfigurationPlatforms) = preSolution
		Ad-Hoc|Any CPU = Ad-Hoc|Any CPU
		Ad-Hoc|ARM = Ad-Hoc|ARM
		Ad-Hoc|iPhone = Ad-Hoc|iPhone
		Ad-Hoc|iPhoneSimulator = Ad-Hoc|iPhoneSimulator
		Ad-Hoc|x64 = Ad-Hoc|x64
		Ad-Hoc|x86 = Ad-Hoc|x86
		AppStore|Any CPU = AppStore|Any CPU
		AppStore|ARM = AppStore|ARM
		AppStore|iPhone = AppStore|iPhone
		AppStore|iPhoneSimulator = AppStore|iPhoneSimulator
		AppStore|x64 = AppStore|x64
		AppStore|x86 = AppStore|x86
		Debug|Any CPU = Debug|Any CPU
		Debug|ARM = Debug|ARM
		Debug|iPhone = Debug|iPhone
		Debug|iPhoneSimulator = Debug|iPhoneSimulator
		Debug|x64 = Debug|x64
		Debug|x86 = Debug|x86
		Release|Any CPU = Release|Any CPU
		Release|ARM = Release|ARM
		Release|iPhone = Release|iPhone
		Release|iPhoneSimulator = Release|iPhoneSimulator
		Release|x64 = Release|x64
		Release|x86 = Release|x86
	EndGlobalSection
	GlobalSection(ProjectConfigurationPlatforms) = postSolution
		{F8CDECED-765C-475D-8BDC-96BF5BD61052}.Ad-Hoc|Any CPU.ActiveCfg = Release|Any CPU
		{F8CDECED-765C-475D-8BDC-96BF5BD61052}.Ad-Hoc|Any CPU.Build.0 = Release|Any CPU
		{F8CDECED-765C-475D-8BDC-96BF5BD61052}.Ad-Hoc|Any CPU.Deploy.0 = Release|Any CPU
		{F8CDECED-765C-475D-8BDC-96BF5BD61052}.Ad-Hoc|ARM.ActiveCfg = Release|Any CPU
		{F8CDECED-765C-475D-8BDC-96BF5BD61052}.Ad-Hoc|ARM.Build.0 = Release|Any CPU
		{F8CDECED-765C-475D-8BDC-96BF5BD61052}.Ad-Hoc|ARM.Deploy.0 = Release|Any CPU
		{F8CDECED-765C-475D-8BDC-96BF5BD61052}.Ad-Hoc|iPhone.ActiveCfg = Release|Any CPU
		{F8CDECED-765C-475D-8BDC-96BF5BD61052}.Ad-Hoc|iPhone.Build.0 = Release|Any CPU
		{F8CDECED-765C-475D-8BDC-96BF5BD61052}.Ad-Hoc|iPhone.Deploy.0 = Release|Any CPU
		{F8CDECED-765C-475D-8BDC-96BF5BD61052}.Ad-Hoc|iPhoneSimulator.ActiveCfg = Release|Any CPU
		{F8CDECED-765C-475D-8BDC-96BF5BD61052}.Ad-Hoc|iPhoneSimulator.Build.0 = Release|Any CPU
		{F8CDECED-765C-475D-8BDC-96BF5BD61052}.Ad-Hoc|iPhoneSimulator.Deploy.0 = Release|Any CPU
		{F8CDECED-765C-475D-8BDC-96BF5BD61052}.Ad-Hoc|x64.ActiveCfg = Release|Any CPU
		{F8CDECED-765C-475D-8BDC-96BF5BD61052}.Ad-Hoc|x64.Build.0 = Release|Any CPU
		{F8CDECED-765C-475D-8BDC-96BF5BD61052}.Ad-Hoc|x64.Deploy.0 = Release|Any CPU
		{F8CDECED-765C-475D-8BDC-96BF5BD61052}.Ad-Hoc|x86.ActiveCfg = Release|Any CPU
		{F8CDECED-765C-475D-8BDC-96BF5BD61052}.Ad-Hoc|x86.Build.0 = Release|Any CPU
		{F8CDECED-765C-475D-8BDC-96BF5BD61052}.Ad-Hoc|x86.Deploy.0 = Release|Any CPU
		{F8CDECED-765C-475D-8BDC-96BF5BD61052}.AppStore|Any CPU.ActiveCfg = Release|Any CPU
		{F8CDECED-765C-475D-8BDC-96BF5BD61052}.AppStore|Any CPU.Build.0 = Release|Any CPU
		{F8CDECED-765C-475D-8BDC-96BF5BD61052}.AppStore|Any CPU.Deploy.0 = Release|Any CPU
		{F8CDECED-765C-475D-8BDC-96BF5BD61052}.AppStore|ARM.ActiveCfg = Release|Any CPU
		{F8CDECED-765C-475D-8BDC-96BF5BD61052}.AppStore|ARM.Build.0 = Release|Any CPU
		{F8CDECED-765C-475D-8BDC-96BF5BD61052}.AppStore|ARM.Deploy.0 = Release|Any CPU
		{F8CDECED-765C-475D-8BDC-96BF5BD61052}.AppStore|iPhone.ActiveCfg = Release|Any CPU
		{F8CDECED-765C-475D-8BDC-96BF5BD61052}.AppStore|iPhone.Build.0 = Release|Any CPU
		{F8CDECED-765C-475D-8BDC-96BF5BD61052}.AppStore|iPhone.Deploy.0 = Release|Any CPU
		{F8CDECED-765C-475D-8BDC-96BF5BD61052}.AppStore|iPhoneSimulator.ActiveCfg = Release|Any CPU
		{F8CDECED-765C-475D-8BDC-96BF5BD61052}.AppStore|iPhoneSimulator.Build.0 = Release|Any CPU
		{F8CDECED-765C-475D-8BDC-96BF5BD61052}.AppStore|iPhoneSimulator.Deploy.0 = Release|Any CPU
		{F8CDECED-765C-475D-8BDC-96BF5BD61052}.AppStore|x64.ActiveCfg = Release|Any CPU
		{F8CDECED-765C-475D-8BDC-96BF5BD61052}.AppStore|x64.Build.0 = Release|Any CPU
		{F8CDECED-765C-475D-8BDC-96BF5BD61052}.AppStore|x64.Deploy.0 = Release|Any CPU
		{F8CDECED-765C-475D-8BDC-96BF5BD61052}.AppStore|x86.ActiveCfg = Release|Any CPU
		{F8CDECED-765C-475D-8BDC-96BF5BD61052}.AppStore|x86.Build.0 = Release|Any CPU
		{F8CDECED-765C-475D-8BDC-96BF5BD61052}.AppStore|x86.Deploy.0 = Release|Any CPU
		{F8CDECED-765C-475D-8BDC-96BF5BD61052}.Debug|Any CPU.ActiveCfg = Debug|Any CPU
		{F8CDECED-765C-475D-8BDC-96BF5BD61052}.Debug|Any CPU.Build.0 = Debug|Any CPU
		{F8CDECED-765C-475D-8BDC-96BF5BD61052}.Debug|Any CPU.Deploy.0 = Debug|Any CPU
		{F8CDECED-765C-475D-8BDC-96BF5BD61052}.Debug|ARM.ActiveCfg = Debug|Any CPU
		{F8CDECED-765C-475D-8BDC-96BF5BD61052}.Debug|ARM.Build.0 = Debug|Any CPU
		{F8CDECED-765C-475D-8BDC-96BF5BD61052}.Debug|ARM.Deploy.0 = Debug|Any CPU
		{F8CDECED-765C-475D-8BDC-96BF5BD61052}.Debug|iPhone.ActiveCfg = Debug|Any CPU
		{F8CDECED-765C-475D-8BDC-96BF5BD61052}.Debug|iPhone.Build.0 = Debug|Any CPU
		{F8CDECED-765C-475D-8BDC-96BF5BD61052}.Debug|iPhone.Deploy.0 = Debug|Any CPU
		{F8CDECED-765C-475D-8BDC-96BF5BD61052}.Debug|iPhoneSimulator.ActiveCfg = Debug|Any CPU
		{F8CDECED-765C-475D-8BDC-96BF5BD61052}.Debug|iPhoneSimulator.Build.0 = Debug|Any CPU
		{F8CDECED-765C-475D-8BDC-96BF5BD61052}.Debug|iPhoneSimulator.Deploy.0 = Debug|Any CPU
		{F8CDECED-765C-475D-8BDC-96BF5BD61052}.Debug|x64.ActiveCfg = Debug|Any CPU
		{F8CDECED-765C-475D-8BDC-96BF5BD61052}.Debug|x64.Build.0 = Debug|Any CPU
		{F8CDECED-765C-475D-8BDC-96BF5BD61052}.Debug|x64.Deploy.0 = Debug|Any CPU
		{F8CDECED-765C-475D-8BDC-96BF5BD61052}.Debug|x86.ActiveCfg = Debug|Any CPU
		{F8CDECED-765C-475D-8BDC-96BF5BD61052}.Debug|x86.Build.0 = Debug|Any CPU
		{F8CDECED-765C-475D-8BDC-96BF5BD61052}.Debug|x86.Deploy.0 = Debug|Any CPU
		{F8CDECED-765C-475D-8BDC-96BF5BD61052}.Release|Any CPU.ActiveCfg = Release|Any CPU
		{F8CDECED-765C-475D-8BDC-96BF5BD61052}.Release|Any CPU.Build.0 = Release|Any CPU
		{F8CDECED-765C-475D-8BDC-96BF5BD61052}.Release|Any CPU.Deploy.0 = Release|Any CPU
		{F8CDECED-765C-475D-8BDC-96BF5BD61052}.Release|ARM.ActiveCfg = Release|Any CPU
		{F8CDECED-765C-475D-8BDC-96BF5BD61052}.Release|ARM.Build.0 = Release|Any CPU
		{F8CDECED-765C-475D-8BDC-96BF5BD61052}.Release|ARM.Deploy.0 = Release|Any CPU
		{F8CDECED-765C-475D-8BDC-96BF5BD61052}.Release|iPhone.ActiveCfg = Release|Any CPU
		{F8CDECED-765C-475D-8BDC-96BF5BD61052}.Release|iPhone.Build.0 = Release|Any CPU
		{F8CDECED-765C-475D-8BDC-96BF5BD61052}.Release|iPhone.Deploy.0 = Release|Any CPU
		{F8CDECED-765C-475D-8BDC-96BF5BD61052}.Release|iPhoneSimulator.ActiveCfg = Release|Any CPU
		{F8CDECED-765C-475D-8BDC-96BF5BD61052}.Release|iPhoneSimulator.Build.0 = Release|Any CPU
		{F8CDECED-765C-475D-8BDC-96BF5BD61052}.Release|iPhoneSimulator.Deploy.0 = Release|Any CPU
		{F8CDECED-765C-475D-8BDC-96BF5BD61052}.Release|x64.ActiveCfg = Release|Any CPU
		{F8CDECED-765C-475D-8BDC-96BF5BD61052}.Release|x64.Build.0 = Release|Any CPU
		{F8CDECED-765C-475D-8BDC-96BF5BD61052}.Release|x64.Deploy.0 = Release|Any CPU
		{F8CDECED-765C-475D-8BDC-96BF5BD61052}.Release|x86.ActiveCfg = Release|Any CPU
		{F8CDECED-765C-475D-8BDC-96BF5BD61052}.Release|x86.Build.0 = Release|Any CPU
		{F8CDECED-765C-475D-8BDC-96BF5BD61052}.Release|x86.Deploy.0 = Release|Any CPU
		{6312F5A2-9A94-40E1-994B-0CB65B5F898C}.Ad-Hoc|Any CPU.ActiveCfg = Ad-Hoc|iPhone
		{6312F5A2-9A94-40E1-994B-0CB65B5F898C}.Ad-Hoc|Any CPU.Build.0 = Ad-Hoc|iPhone
		{6312F5A2-9A94-40E1-994B-0CB65B5F898C}.Ad-Hoc|Any CPU.Deploy.0 = Ad-Hoc|iPhone
		{6312F5A2-9A94-40E1-994B-0CB65B5F898C}.Ad-Hoc|ARM.ActiveCfg = Ad-Hoc|iPhone
		{6312F5A2-9A94-40E1-994B-0CB65B5F898C}.Ad-Hoc|ARM.Build.0 = Ad-Hoc|iPhone
		{6312F5A2-9A94-40E1-994B-0CB65B5F898C}.Ad-Hoc|ARM.Deploy.0 = Ad-Hoc|iPhone
		{6312F5A2-9A94-40E1-994B-0CB65B5F898C}.Ad-Hoc|iPhone.ActiveCfg = Ad-Hoc|iPhone
		{6312F5A2-9A94-40E1-994B-0CB65B5F898C}.Ad-Hoc|iPhone.Build.0 = Ad-Hoc|iPhone
		{6312F5A2-9A94-40E1-994B-0CB65B5F898C}.Ad-Hoc|iPhone.Deploy.0 = Ad-Hoc|iPhone
		{6312F5A2-9A94-40E1-994B-0CB65B5F898C}.Ad-Hoc|iPhoneSimulator.ActiveCfg = Ad-Hoc|iPhoneSimulator
		{6312F5A2-9A94-40E1-994B-0CB65B5F898C}.Ad-Hoc|iPhoneSimulator.Build.0 = Ad-Hoc|iPhoneSimulator
		{6312F5A2-9A94-40E1-994B-0CB65B5F898C}.Ad-Hoc|iPhoneSimulator.Deploy.0 = Ad-Hoc|iPhoneSimulator
		{6312F5A2-9A94-40E1-994B-0CB65B5F898C}.Ad-Hoc|x64.ActiveCfg = Ad-Hoc|iPhone
		{6312F5A2-9A94-40E1-994B-0CB65B5F898C}.Ad-Hoc|x64.Build.0 = Ad-Hoc|iPhone
		{6312F5A2-9A94-40E1-994B-0CB65B5F898C}.Ad-Hoc|x64.Deploy.0 = Ad-Hoc|iPhone
		{6312F5A2-9A94-40E1-994B-0CB65B5F898C}.Ad-Hoc|x86.ActiveCfg = Ad-Hoc|iPhone
		{6312F5A2-9A94-40E1-994B-0CB65B5F898C}.Ad-Hoc|x86.Build.0 = Ad-Hoc|iPhone
		{6312F5A2-9A94-40E1-994B-0CB65B5F898C}.Ad-Hoc|x86.Deploy.0 = Ad-Hoc|iPhone
		{6312F5A2-9A94-40E1-994B-0CB65B5F898C}.AppStore|Any CPU.ActiveCfg = AppStore|iPhone
		{6312F5A2-9A94-40E1-994B-0CB65B5F898C}.AppStore|Any CPU.Build.0 = AppStore|iPhone
		{6312F5A2-9A94-40E1-994B-0CB65B5F898C}.AppStore|Any CPU.Deploy.0 = AppStore|iPhone
		{6312F5A2-9A94-40E1-994B-0CB65B5F898C}.AppStore|ARM.ActiveCfg = AppStore|iPhone
		{6312F5A2-9A94-40E1-994B-0CB65B5F898C}.AppStore|ARM.Build.0 = AppStore|iPhone
		{6312F5A2-9A94-40E1-994B-0CB65B5F898C}.AppStore|ARM.Deploy.0 = AppStore|iPhone
		{6312F5A2-9A94-40E1-994B-0CB65B5F898C}.AppStore|iPhone.ActiveCfg = AppStore|iPhone
		{6312F5A2-9A94-40E1-994B-0CB65B5F898C}.AppStore|iPhone.Build.0 = AppStore|iPhone
		{6312F5A2-9A94-40E1-994B-0CB65B5F898C}.AppStore|iPhone.Deploy.0 = AppStore|iPhone
		{6312F5A2-9A94-40E1-994B-0CB65B5F898C}.AppStore|iPhoneSimulator.ActiveCfg = AppStore|iPhoneSimulator
		{6312F5A2-9A94-40E1-994B-0CB65B5F898C}.AppStore|iPhoneSimulator.Build.0 = AppStore|iPhoneSimulator
		{6312F5A2-9A94-40E1-994B-0CB65B5F898C}.AppStore|iPhoneSimulator.Deploy.0 = AppStore|iPhoneSimulator
		{6312F5A2-9A94-40E1-994B-0CB65B5F898C}.AppStore|x64.ActiveCfg = AppStore|iPhone
		{6312F5A2-9A94-40E1-994B-0CB65B5F898C}.AppStore|x64.Build.0 = AppStore|iPhone
		{6312F5A2-9A94-40E1-994B-0CB65B5F898C}.AppStore|x64.Deploy.0 = AppStore|iPhone
		{6312F5A2-9A94-40E1-994B-0CB65B5F898C}.AppStore|x86.ActiveCfg = AppStore|iPhone
		{6312F5A2-9A94-40E1-994B-0CB65B5F898C}.AppStore|x86.Build.0 = AppStore|iPhone
		{6312F5A2-9A94-40E1-994B-0CB65B5F898C}.AppStore|x86.Deploy.0 = AppStore|iPhone
		{6312F5A2-9A94-40E1-994B-0CB65B5F898C}.Debug|Any CPU.ActiveCfg = Debug|iPhoneSimulator
		{6312F5A2-9A94-40E1-994B-0CB65B5F898C}.Debug|Any CPU.Build.0 = Debug|iPhoneSimulator
		{6312F5A2-9A94-40E1-994B-0CB65B5F898C}.Debug|Any CPU.Deploy.0 = Debug|iPhoneSimulator
		{6312F5A2-9A94-40E1-994B-0CB65B5F898C}.Debug|ARM.ActiveCfg = Debug|iPhone
		{6312F5A2-9A94-40E1-994B-0CB65B5F898C}.Debug|ARM.Build.0 = Debug|iPhone
		{6312F5A2-9A94-40E1-994B-0CB65B5F898C}.Debug|ARM.Deploy.0 = Debug|iPhone
		{6312F5A2-9A94-40E1-994B-0CB65B5F898C}.Debug|iPhone.ActiveCfg = Debug|iPhone
		{6312F5A2-9A94-40E1-994B-0CB65B5F898C}.Debug|iPhone.Build.0 = Debug|iPhone
		{6312F5A2-9A94-40E1-994B-0CB65B5F898C}.Debug|iPhone.Deploy.0 = Debug|iPhone
		{6312F5A2-9A94-40E1-994B-0CB65B5F898C}.Debug|iPhoneSimulator.ActiveCfg = Debug|iPhoneSimulator
		{6312F5A2-9A94-40E1-994B-0CB65B5F898C}.Debug|iPhoneSimulator.Build.0 = Debug|iPhoneSimulator
		{6312F5A2-9A94-40E1-994B-0CB65B5F898C}.Debug|iPhoneSimulator.Deploy.0 = Debug|iPhoneSimulator
		{6312F5A2-9A94-40E1-994B-0CB65B5F898C}.Debug|x64.ActiveCfg = Debug|iPhone
		{6312F5A2-9A94-40E1-994B-0CB65B5F898C}.Debug|x64.Build.0 = Debug|iPhone
		{6312F5A2-9A94-40E1-994B-0CB65B5F898C}.Debug|x64.Deploy.0 = Debug|iPhone
		{6312F5A2-9A94-40E1-994B-0CB65B5F898C}.Debug|x86.ActiveCfg = Debug|iPhone
		{6312F5A2-9A94-40E1-994B-0CB65B5F898C}.Debug|x86.Build.0 = Debug|iPhone
		{6312F5A2-9A94-40E1-994B-0CB65B5F898C}.Debug|x86.Deploy.0 = Debug|iPhone
		{6312F5A2-9A94-40E1-994B-0CB65B5F898C}.Release|Any CPU.ActiveCfg = Release|iPhone
		{6312F5A2-9A94-40E1-994B-0CB65B5F898C}.Release|Any CPU.Build.0 = Release|iPhone
		{6312F5A2-9A94-40E1-994B-0CB65B5F898C}.Release|Any CPU.Deploy.0 = Release|iPhone
		{6312F5A2-9A94-40E1-994B-0CB65B5F898C}.Release|ARM.ActiveCfg = Release|iPhone
		{6312F5A2-9A94-40E1-994B-0CB65B5F898C}.Release|ARM.Build.0 = Release|iPhone
		{6312F5A2-9A94-40E1-994B-0CB65B5F898C}.Release|ARM.Deploy.0 = Release|iPhone
		{6312F5A2-9A94-40E1-994B-0CB65B5F898C}.Release|iPhone.ActiveCfg = Release|iPhone
		{6312F5A2-9A94-40E1-994B-0CB65B5F898C}.Release|iPhone.Build.0 = Release|iPhone
		{6312F5A2-9A94-40E1-994B-0CB65B5F898C}.Release|iPhone.Deploy.0 = Release|iPhone
		{6312F5A2-9A94-40E1-994B-0CB65B5F898C}.Release|iPhoneSimulator.ActiveCfg = Release|iPhoneSimulator
		{6312F5A2-9A94-40E1-994B-0CB65B5F898C}.Release|iPhoneSimulator.Build.0 = Release|iPhoneSimulator
		{6312F5A2-9A94-40E1-994B-0CB65B5F898C}.Release|iPhoneSimulator.Deploy.0 = Release|iPhoneSimulator
		{6312F5A2-9A94-40E1-994B-0CB65B5F898C}.Release|x64.ActiveCfg = Release|iPhone
		{6312F5A2-9A94-40E1-994B-0CB65B5F898C}.Release|x64.Build.0 = Release|iPhone
		{6312F5A2-9A94-40E1-994B-0CB65B5F898C}.Release|x64.Deploy.0 = Release|iPhone
		{6312F5A2-9A94-40E1-994B-0CB65B5F898C}.Release|x86.ActiveCfg = Release|iPhone
		{6312F5A2-9A94-40E1-994B-0CB65B5F898C}.Release|x86.Build.0 = Release|iPhone
		{6312F5A2-9A94-40E1-994B-0CB65B5F898C}.Release|x86.Deploy.0 = Release|iPhone
		{6FADBEE9-3D26-4875-BC52-E6A22BC6EEA3}.Ad-Hoc|Any CPU.ActiveCfg = Release|x86
		{6FADBEE9-3D26-4875-BC52-E6A22BC6EEA3}.Ad-Hoc|Any CPU.Build.0 = Release|x86
		{6FADBEE9-3D26-4875-BC52-E6A22BC6EEA3}.Ad-Hoc|Any CPU.Deploy.0 = Release|x86
		{6FADBEE9-3D26-4875-BC52-E6A22BC6EEA3}.Ad-Hoc|ARM.ActiveCfg = Release|ARM
		{6FADBEE9-3D26-4875-BC52-E6A22BC6EEA3}.Ad-Hoc|ARM.Build.0 = Release|ARM
		{6FADBEE9-3D26-4875-BC52-E6A22BC6EEA3}.Ad-Hoc|ARM.Deploy.0 = Release|ARM
		{6FADBEE9-3D26-4875-BC52-E6A22BC6EEA3}.Ad-Hoc|iPhone.ActiveCfg = Release|x86
		{6FADBEE9-3D26-4875-BC52-E6A22BC6EEA3}.Ad-Hoc|iPhone.Build.0 = Release|x86
		{6FADBEE9-3D26-4875-BC52-E6A22BC6EEA3}.Ad-Hoc|iPhone.Deploy.0 = Release|x86
		{6FADBEE9-3D26-4875-BC52-E6A22BC6EEA3}.Ad-Hoc|iPhoneSimulator.ActiveCfg = Release|x86
		{6FADBEE9-3D26-4875-BC52-E6A22BC6EEA3}.Ad-Hoc|iPhoneSimulator.Build.0 = Release|x86
		{6FADBEE9-3D26-4875-BC52-E6A22BC6EEA3}.Ad-Hoc|iPhoneSimulator.Deploy.0 = Release|x86
		{6FADBEE9-3D26-4875-BC52-E6A22BC6EEA3}.Ad-Hoc|x64.ActiveCfg = Release|x64
		{6FADBEE9-3D26-4875-BC52-E6A22BC6EEA3}.Ad-Hoc|x64.Build.0 = Release|x64
		{6FADBEE9-3D26-4875-BC52-E6A22BC6EEA3}.Ad-Hoc|x64.Deploy.0 = Release|x64
		{6FADBEE9-3D26-4875-BC52-E6A22BC6EEA3}.Ad-Hoc|x86.ActiveCfg = Release|x86
		{6FADBEE9-3D26-4875-BC52-E6A22BC6EEA3}.Ad-Hoc|x86.Build.0 = Release|x86
		{6FADBEE9-3D26-4875-BC52-E6A22BC6EEA3}.Ad-Hoc|x86.Deploy.0 = Release|x86
		{6FADBEE9-3D26-4875-BC52-E6A22BC6EEA3}.AppStore|Any CPU.ActiveCfg = Release|x86
		{6FADBEE9-3D26-4875-BC52-E6A22BC6EEA3}.AppStore|Any CPU.Build.0 = Release|x86
		{6FADBEE9-3D26-4875-BC52-E6A22BC6EEA3}.AppStore|Any CPU.Deploy.0 = Release|x86
		{6FADBEE9-3D26-4875-BC52-E6A22BC6EEA3}.AppStore|ARM.ActiveCfg = Release|ARM
		{6FADBEE9-3D26-4875-BC52-E6A22BC6EEA3}.AppStore|ARM.Build.0 = Release|ARM
		{6FADBEE9-3D26-4875-BC52-E6A22BC6EEA3}.AppStore|ARM.Deploy.0 = Release|ARM
		{6FADBEE9-3D26-4875-BC52-E6A22BC6EEA3}.AppStore|iPhone.ActiveCfg = Release|x86
		{6FADBEE9-3D26-4875-BC52-E6A22BC6EEA3}.AppStore|iPhone.Build.0 = Release|x86
		{6FADBEE9-3D26-4875-BC52-E6A22BC6EEA3}.AppStore|iPhone.Deploy.0 = Release|x86
		{6FADBEE9-3D26-4875-BC52-E6A22BC6EEA3}.AppStore|iPhoneSimulator.ActiveCfg = Release|x86
		{6FADBEE9-3D26-4875-BC52-E6A22BC6EEA3}.AppStore|iPhoneSimulator.Build.0 = Release|x86
		{6FADBEE9-3D26-4875-BC52-E6A22BC6EEA3}.AppStore|iPhoneSimulator.Deploy.0 = Release|x86
		{6FADBEE9-3D26-4875-BC52-E6A22BC6EEA3}.AppStore|x64.ActiveCfg = Release|x64
		{6FADBEE9-3D26-4875-BC52-E6A22BC6EEA3}.AppStore|x64.Build.0 = Release|x64
		{6FADBEE9-3D26-4875-BC52-E6A22BC6EEA3}.AppStore|x64.Deploy.0 = Release|x64
		{6FADBEE9-3D26-4875-BC52-E6A22BC6EEA3}.AppStore|x86.ActiveCfg = Release|x86
		{6FADBEE9-3D26-4875-BC52-E6A22BC6EEA3}.AppStore|x86.Build.0 = Release|x86
		{6FADBEE9-3D26-4875-BC52-E6A22BC6EEA3}.AppStore|x86.Deploy.0 = Release|x86
		{6FADBEE9-3D26-4875-BC52-E6A22BC6EEA3}.Debug|Any CPU.ActiveCfg = Debug|x86
		{6FADBEE9-3D26-4875-BC52-E6A22BC6EEA3}.Debug|Any CPU.Build.0 = Debug|x86
		{6FADBEE9-3D26-4875-BC52-E6A22BC6EEA3}.Debug|Any CPU.Deploy.0 = Debug|x86
		{6FADBEE9-3D26-4875-BC52-E6A22BC6EEA3}.Debug|ARM.ActiveCfg = Debug|ARM
		{6FADBEE9-3D26-4875-BC52-E6A22BC6EEA3}.Debug|ARM.Build.0 = Debug|ARM
		{6FADBEE9-3D26-4875-BC52-E6A22BC6EEA3}.Debug|ARM.Deploy.0 = Debug|ARM
		{6FADBEE9-3D26-4875-BC52-E6A22BC6EEA3}.Debug|iPhone.ActiveCfg = Debug|x86
		{6FADBEE9-3D26-4875-BC52-E6A22BC6EEA3}.Debug|iPhone.Build.0 = Debug|x86
		{6FADBEE9-3D26-4875-BC52-E6A22BC6EEA3}.Debug|iPhone.Deploy.0 = Debug|x86
		{6FADBEE9-3D26-4875-BC52-E6A22BC6EEA3}.Debug|iPhoneSimulator.ActiveCfg = Debug|x86
		{6FADBEE9-3D26-4875-BC52-E6A22BC6EEA3}.Debug|iPhoneSimulator.Build.0 = Debug|x86
		{6FADBEE9-3D26-4875-BC52-E6A22BC6EEA3}.Debug|iPhoneSimulator.Deploy.0 = Debug|x86
		{6FADBEE9-3D26-4875-BC52-E6A22BC6EEA3}.Debug|x64.ActiveCfg = Debug|x64
		{6FADBEE9-3D26-4875-BC52-E6A22BC6EEA3}.Debug|x64.Build.0 = Debug|x64
		{6FADBEE9-3D26-4875-BC52-E6A22BC6EEA3}.Debug|x64.Deploy.0 = Debug|x64
		{6FADBEE9-3D26-4875-BC52-E6A22BC6EEA3}.Debug|x86.ActiveCfg = Debug|x86
		{6FADBEE9-3D26-4875-BC52-E6A22BC6EEA3}.Debug|x86.Build.0 = Debug|x86
		{6FADBEE9-3D26-4875-BC52-E6A22BC6EEA3}.Debug|x86.Deploy.0 = Debug|x86
		{6FADBEE9-3D26-4875-BC52-E6A22BC6EEA3}.Release|Any CPU.ActiveCfg = Release|x86
		{6FADBEE9-3D26-4875-BC52-E6A22BC6EEA3}.Release|Any CPU.Build.0 = Release|x86
		{6FADBEE9-3D26-4875-BC52-E6A22BC6EEA3}.Release|Any CPU.Deploy.0 = Release|x86
		{6FADBEE9-3D26-4875-BC52-E6A22BC6EEA3}.Release|ARM.ActiveCfg = Release|ARM
		{6FADBEE9-3D26-4875-BC52-E6A22BC6EEA3}.Release|ARM.Build.0 = Release|ARM
		{6FADBEE9-3D26-4875-BC52-E6A22BC6EEA3}.Release|ARM.Deploy.0 = Release|ARM
		{6FADBEE9-3D26-4875-BC52-E6A22BC6EEA3}.Release|iPhone.ActiveCfg = Release|x86
		{6FADBEE9-3D26-4875-BC52-E6A22BC6EEA3}.Release|iPhone.Build.0 = Release|x86
		{6FADBEE9-3D26-4875-BC52-E6A22BC6EEA3}.Release|iPhone.Deploy.0 = Release|x86
		{6FADBEE9-3D26-4875-BC52-E6A22BC6EEA3}.Release|iPhoneSimulator.ActiveCfg = Release|x86
		{6FADBEE9-3D26-4875-BC52-E6A22BC6EEA3}.Release|iPhoneSimulator.Build.0 = Release|x86
		{6FADBEE9-3D26-4875-BC52-E6A22BC6EEA3}.Release|iPhoneSimulator.Deploy.0 = Release|x86
		{6FADBEE9-3D26-4875-BC52-E6A22BC6EEA3}.Release|x64.ActiveCfg = Release|x64
		{6FADBEE9-3D26-4875-BC52-E6A22BC6EEA3}.Release|x64.Build.0 = Release|x64
		{6FADBEE9-3D26-4875-BC52-E6A22BC6EEA3}.Release|x64.Deploy.0 = Release|x64
		{6FADBEE9-3D26-4875-BC52-E6A22BC6EEA3}.Release|x86.ActiveCfg = Release|x86
		{6FADBEE9-3D26-4875-BC52-E6A22BC6EEA3}.Release|x86.Build.0 = Release|x86
		{6FADBEE9-3D26-4875-BC52-E6A22BC6EEA3}.Release|x86.Deploy.0 = Release|x86
		{884C9C8A-A28B-47C7-9AD7-B61A06232458}.Ad-Hoc|Any CPU.ActiveCfg = Debug|Any CPU
		{884C9C8A-A28B-47C7-9AD7-B61A06232458}.Ad-Hoc|Any CPU.Build.0 = Debug|Any CPU
		{884C9C8A-A28B-47C7-9AD7-B61A06232458}.Ad-Hoc|Any CPU.Deploy.0 = Debug|Any CPU
		{884C9C8A-A28B-47C7-9AD7-B61A06232458}.Ad-Hoc|ARM.ActiveCfg = Debug|Any CPU
		{884C9C8A-A28B-47C7-9AD7-B61A06232458}.Ad-Hoc|ARM.Build.0 = Debug|Any CPU
		{884C9C8A-A28B-47C7-9AD7-B61A06232458}.Ad-Hoc|ARM.Deploy.0 = Debug|Any CPU
		{884C9C8A-A28B-47C7-9AD7-B61A06232458}.Ad-Hoc|iPhone.ActiveCfg = Debug|Any CPU
		{884C9C8A-A28B-47C7-9AD7-B61A06232458}.Ad-Hoc|iPhone.Build.0 = Debug|Any CPU
		{884C9C8A-A28B-47C7-9AD7-B61A06232458}.Ad-Hoc|iPhone.Deploy.0 = Debug|Any CPU
		{884C9C8A-A28B-47C7-9AD7-B61A06232458}.Ad-Hoc|iPhoneSimulator.ActiveCfg = Debug|Any CPU
		{884C9C8A-A28B-47C7-9AD7-B61A06232458}.Ad-Hoc|iPhoneSimulator.Build.0 = Debug|Any CPU
		{884C9C8A-A28B-47C7-9AD7-B61A06232458}.Ad-Hoc|iPhoneSimulator.Deploy.0 = Debug|Any CPU
		{884C9C8A-A28B-47C7-9AD7-B61A06232458}.Ad-Hoc|x64.ActiveCfg = Debug|Any CPU
		{884C9C8A-A28B-47C7-9AD7-B61A06232458}.Ad-Hoc|x64.Build.0 = Debug|Any CPU
		{884C9C8A-A28B-47C7-9AD7-B61A06232458}.Ad-Hoc|x64.Deploy.0 = Debug|Any CPU
		{884C9C8A-A28B-47C7-9AD7-B61A06232458}.Ad-Hoc|x86.ActiveCfg = Debug|Any CPU
		{884C9C8A-A28B-47C7-9AD7-B61A06232458}.Ad-Hoc|x86.Build.0 = Debug|Any CPU
		{884C9C8A-A28B-47C7-9AD7-B61A06232458}.Ad-Hoc|x86.Deploy.0 = Debug|Any CPU
		{884C9C8A-A28B-47C7-9AD7-B61A06232458}.AppStore|Any CPU.ActiveCfg = Debug|Any CPU
		{884C9C8A-A28B-47C7-9AD7-B61A06232458}.AppStore|Any CPU.Build.0 = Debug|Any CPU
		{884C9C8A-A28B-47C7-9AD7-B61A06232458}.AppStore|Any CPU.Deploy.0 = Debug|Any CPU
		{884C9C8A-A28B-47C7-9AD7-B61A06232458}.AppStore|ARM.ActiveCfg = Debug|Any CPU
		{884C9C8A-A28B-47C7-9AD7-B61A06232458}.AppStore|ARM.Build.0 = Debug|Any CPU
		{884C9C8A-A28B-47C7-9AD7-B61A06232458}.AppStore|ARM.Deploy.0 = Debug|Any CPU
		{884C9C8A-A28B-47C7-9AD7-B61A06232458}.AppStore|iPhone.ActiveCfg = Debug|Any CPU
		{884C9C8A-A28B-47C7-9AD7-B61A06232458}.AppStore|iPhone.Build.0 = Debug|Any CPU
		{884C9C8A-A28B-47C7-9AD7-B61A06232458}.AppStore|iPhone.Deploy.0 = Debug|Any CPU
		{884C9C8A-A28B-47C7-9AD7-B61A06232458}.AppStore|iPhoneSimulator.ActiveCfg = Debug|Any CPU
		{884C9C8A-A28B-47C7-9AD7-B61A06232458}.AppStore|iPhoneSimulator.Build.0 = Debug|Any CPU
		{884C9C8A-A28B-47C7-9AD7-B61A06232458}.AppStore|iPhoneSimulator.Deploy.0 = Debug|Any CPU
		{884C9C8A-A28B-47C7-9AD7-B61A06232458}.AppStore|x64.ActiveCfg = Debug|Any CPU
		{884C9C8A-A28B-47C7-9AD7-B61A06232458}.AppStore|x64.Build.0 = Debug|Any CPU
		{884C9C8A-A28B-47C7-9AD7-B61A06232458}.AppStore|x64.Deploy.0 = Debug|Any CPU
		{884C9C8A-A28B-47C7-9AD7-B61A06232458}.AppStore|x86.ActiveCfg = Debug|Any CPU
		{884C9C8A-A28B-47C7-9AD7-B61A06232458}.AppStore|x86.Build.0 = Debug|Any CPU
		{884C9C8A-A28B-47C7-9AD7-B61A06232458}.AppStore|x86.Deploy.0 = Debug|Any CPU
		{884C9C8A-A28B-47C7-9AD7-B61A06232458}.Debug|Any CPU.ActiveCfg = Debug|Any CPU
		{884C9C8A-A28B-47C7-9AD7-B61A06232458}.Debug|Any CPU.Build.0 = Debug|Any CPU
		{884C9C8A-A28B-47C7-9AD7-B61A06232458}.Debug|Any CPU.Deploy.0 = Debug|Any CPU
		{884C9C8A-A28B-47C7-9AD7-B61A06232458}.Debug|ARM.ActiveCfg = Debug|Any CPU
		{884C9C8A-A28B-47C7-9AD7-B61A06232458}.Debug|ARM.Build.0 = Debug|Any CPU
		{884C9C8A-A28B-47C7-9AD7-B61A06232458}.Debug|ARM.Deploy.0 = Debug|Any CPU
		{884C9C8A-A28B-47C7-9AD7-B61A06232458}.Debug|iPhone.ActiveCfg = Debug|Any CPU
		{884C9C8A-A28B-47C7-9AD7-B61A06232458}.Debug|iPhone.Build.0 = Debug|Any CPU
		{884C9C8A-A28B-47C7-9AD7-B61A06232458}.Debug|iPhone.Deploy.0 = Debug|Any CPU
		{884C9C8A-A28B-47C7-9AD7-B61A06232458}.Debug|iPhoneSimulator.ActiveCfg = Debug|Any CPU
		{884C9C8A-A28B-47C7-9AD7-B61A06232458}.Debug|iPhoneSimulator.Build.0 = Debug|Any CPU
		{884C9C8A-A28B-47C7-9AD7-B61A06232458}.Debug|iPhoneSimulator.Deploy.0 = Debug|Any CPU
		{884C9C8A-A28B-47C7-9AD7-B61A06232458}.Debug|x64.ActiveCfg = Debug|Any CPU
		{884C9C8A-A28B-47C7-9AD7-B61A06232458}.Debug|x64.Build.0 = Debug|Any CPU
		{884C9C8A-A28B-47C7-9AD7-B61A06232458}.Debug|x64.Deploy.0 = Debug|Any CPU
		{884C9C8A-A28B-47C7-9AD7-B61A06232458}.Debug|x86.ActiveCfg = Debug|Any CPU
		{884C9C8A-A28B-47C7-9AD7-B61A06232458}.Debug|x86.Build.0 = Debug|Any CPU
		{884C9C8A-A28B-47C7-9AD7-B61A06232458}.Debug|x86.Deploy.0 = Debug|Any CPU
		{884C9C8A-A28B-47C7-9AD7-B61A06232458}.Release|Any CPU.ActiveCfg = Release|Any CPU
		{884C9C8A-A28B-47C7-9AD7-B61A06232458}.Release|Any CPU.Build.0 = Release|Any CPU
		{884C9C8A-A28B-47C7-9AD7-B61A06232458}.Release|Any CPU.Deploy.0 = Release|Any CPU
		{884C9C8A-A28B-47C7-9AD7-B61A06232458}.Release|ARM.ActiveCfg = Release|Any CPU
		{884C9C8A-A28B-47C7-9AD7-B61A06232458}.Release|ARM.Build.0 = Release|Any CPU
		{884C9C8A-A28B-47C7-9AD7-B61A06232458}.Release|ARM.Deploy.0 = Release|Any CPU
		{884C9C8A-A28B-47C7-9AD7-B61A06232458}.Release|iPhone.ActiveCfg = Release|Any CPU
		{884C9C8A-A28B-47C7-9AD7-B61A06232458}.Release|iPhone.Build.0 = Release|Any CPU
		{884C9C8A-A28B-47C7-9AD7-B61A06232458}.Release|iPhone.Deploy.0 = Release|Any CPU
		{884C9C8A-A28B-47C7-9AD7-B61A06232458}.Release|iPhoneSimulator.ActiveCfg = Release|Any CPU
		{884C9C8A-A28B-47C7-9AD7-B61A06232458}.Release|iPhoneSimulator.Build.0 = Release|Any CPU
		{884C9C8A-A28B-47C7-9AD7-B61A06232458}.Release|iPhoneSimulator.Deploy.0 = Release|Any CPU
		{884C9C8A-A28B-47C7-9AD7-B61A06232458}.Release|x64.ActiveCfg = Release|Any CPU
		{884C9C8A-A28B-47C7-9AD7-B61A06232458}.Release|x64.Build.0 = Release|Any CPU
		{884C9C8A-A28B-47C7-9AD7-B61A06232458}.Release|x64.Deploy.0 = Release|Any CPU
		{884C9C8A-A28B-47C7-9AD7-B61A06232458}.Release|x86.ActiveCfg = Release|Any CPU
		{884C9C8A-A28B-47C7-9AD7-B61A06232458}.Release|x86.Build.0 = Release|Any CPU
		{884C9C8A-A28B-47C7-9AD7-B61A06232458}.Release|x86.Deploy.0 = Release|Any CPU
		{71A043E3-3C3D-4FDD-9642-F0EB8B995ED3}.Ad-Hoc|Any CPU.ActiveCfg = Release|Any CPU
		{71A043E3-3C3D-4FDD-9642-F0EB8B995ED3}.Ad-Hoc|Any CPU.Build.0 = Release|Any CPU
		{71A043E3-3C3D-4FDD-9642-F0EB8B995ED3}.Ad-Hoc|ARM.ActiveCfg = Release|Any CPU
		{71A043E3-3C3D-4FDD-9642-F0EB8B995ED3}.Ad-Hoc|ARM.Build.0 = Release|Any CPU
		{71A043E3-3C3D-4FDD-9642-F0EB8B995ED3}.Ad-Hoc|iPhone.ActiveCfg = Release|Any CPU
		{71A043E3-3C3D-4FDD-9642-F0EB8B995ED3}.Ad-Hoc|iPhone.Build.0 = Release|Any CPU
		{71A043E3-3C3D-4FDD-9642-F0EB8B995ED3}.Ad-Hoc|iPhoneSimulator.ActiveCfg = Release|Any CPU
		{71A043E3-3C3D-4FDD-9642-F0EB8B995ED3}.Ad-Hoc|iPhoneSimulator.Build.0 = Release|Any CPU
		{71A043E3-3C3D-4FDD-9642-F0EB8B995ED3}.Ad-Hoc|x64.ActiveCfg = Release|Any CPU
		{71A043E3-3C3D-4FDD-9642-F0EB8B995ED3}.Ad-Hoc|x64.Build.0 = Release|Any CPU
		{71A043E3-3C3D-4FDD-9642-F0EB8B995ED3}.Ad-Hoc|x86.ActiveCfg = Release|Any CPU
		{71A043E3-3C3D-4FDD-9642-F0EB8B995ED3}.Ad-Hoc|x86.Build.0 = Release|Any CPU
		{71A043E3-3C3D-4FDD-9642-F0EB8B995ED3}.AppStore|Any CPU.ActiveCfg = Release|Any CPU
		{71A043E3-3C3D-4FDD-9642-F0EB8B995ED3}.AppStore|Any CPU.Build.0 = Release|Any CPU
		{71A043E3-3C3D-4FDD-9642-F0EB8B995ED3}.AppStore|ARM.ActiveCfg = Release|Any CPU
		{71A043E3-3C3D-4FDD-9642-F0EB8B995ED3}.AppStore|ARM.Build.0 = Release|Any CPU
		{71A043E3-3C3D-4FDD-9642-F0EB8B995ED3}.AppStore|iPhone.ActiveCfg = Release|Any CPU
		{71A043E3-3C3D-4FDD-9642-F0EB8B995ED3}.AppStore|iPhone.Build.0 = Release|Any CPU
		{71A043E3-3C3D-4FDD-9642-F0EB8B995ED3}.AppStore|iPhoneSimulator.ActiveCfg = Release|Any CPU
		{71A043E3-3C3D-4FDD-9642-F0EB8B995ED3}.AppStore|iPhoneSimulator.Build.0 = Release|Any CPU
		{71A043E3-3C3D-4FDD-9642-F0EB8B995ED3}.AppStore|x64.ActiveCfg = Release|Any CPU
		{71A043E3-3C3D-4FDD-9642-F0EB8B995ED3}.AppStore|x64.Build.0 = Release|Any CPU
		{71A043E3-3C3D-4FDD-9642-F0EB8B995ED3}.AppStore|x86.ActiveCfg = Release|Any CPU
		{71A043E3-3C3D-4FDD-9642-F0EB8B995ED3}.AppStore|x86.Build.0 = Release|Any CPU
		{71A043E3-3C3D-4FDD-9642-F0EB8B995ED3}.Debug|Any CPU.ActiveCfg = Debug|Any CPU
		{71A043E3-3C3D-4FDD-9642-F0EB8B995ED3}.Debug|Any CPU.Build.0 = Debug|Any CPU
		{71A043E3-3C3D-4FDD-9642-F0EB8B995ED3}.Debug|ARM.ActiveCfg = Debug|Any CPU
		{71A043E3-3C3D-4FDD-9642-F0EB8B995ED3}.Debug|ARM.Build.0 = Debug|Any CPU
		{71A043E3-3C3D-4FDD-9642-F0EB8B995ED3}.Debug|iPhone.ActiveCfg = Debug|Any CPU
		{71A043E3-3C3D-4FDD-9642-F0EB8B995ED3}.Debug|iPhone.Build.0 = Debug|Any CPU
		{71A043E3-3C3D-4FDD-9642-F0EB8B995ED3}.Debug|iPhoneSimulator.ActiveCfg = Debug|Any CPU
		{71A043E3-3C3D-4FDD-9642-F0EB8B995ED3}.Debug|iPhoneSimulator.Build.0 = Debug|Any CPU
		{71A043E3-3C3D-4FDD-9642-F0EB8B995ED3}.Debug|x64.ActiveCfg = Debug|Any CPU
		{71A043E3-3C3D-4FDD-9642-F0EB8B995ED3}.Debug|x64.Build.0 = Debug|Any CPU
		{71A043E3-3C3D-4FDD-9642-F0EB8B995ED3}.Debug|x86.ActiveCfg = Debug|Any CPU
		{71A043E3-3C3D-4FDD-9642-F0EB8B995ED3}.Debug|x86.Build.0 = Debug|Any CPU
		{71A043E3-3C3D-4FDD-9642-F0EB8B995ED3}.Release|Any CPU.ActiveCfg = Release|Any CPU
		{71A043E3-3C3D-4FDD-9642-F0EB8B995ED3}.Release|Any CPU.Build.0 = Release|Any CPU
		{71A043E3-3C3D-4FDD-9642-F0EB8B995ED3}.Release|ARM.ActiveCfg = Release|Any CPU
		{71A043E3-3C3D-4FDD-9642-F0EB8B995ED3}.Release|ARM.Build.0 = Release|Any CPU
		{71A043E3-3C3D-4FDD-9642-F0EB8B995ED3}.Release|iPhone.ActiveCfg = Release|Any CPU
		{71A043E3-3C3D-4FDD-9642-F0EB8B995ED3}.Release|iPhone.Build.0 = Release|Any CPU
		{71A043E3-3C3D-4FDD-9642-F0EB8B995ED3}.Release|iPhoneSimulator.ActiveCfg = Release|Any CPU
		{71A043E3-3C3D-4FDD-9642-F0EB8B995ED3}.Release|iPhoneSimulator.Build.0 = Release|Any CPU
		{71A043E3-3C3D-4FDD-9642-F0EB8B995ED3}.Release|x64.ActiveCfg = Release|Any CPU
		{71A043E3-3C3D-4FDD-9642-F0EB8B995ED3}.Release|x64.Build.0 = Release|Any CPU
		{71A043E3-3C3D-4FDD-9642-F0EB8B995ED3}.Release|x86.ActiveCfg = Release|Any CPU
		{71A043E3-3C3D-4FDD-9642-F0EB8B995ED3}.Release|x86.Build.0 = Release|Any CPU
		{6DAC4972-92FE-4138-A1B9-70B51B9DCE49}.Ad-Hoc|Any CPU.ActiveCfg = Release|Any CPU
		{6DAC4972-92FE-4138-A1B9-70B51B9DCE49}.Ad-Hoc|Any CPU.Build.0 = Release|Any CPU
		{6DAC4972-92FE-4138-A1B9-70B51B9DCE49}.Ad-Hoc|ARM.ActiveCfg = Release|Any CPU
		{6DAC4972-92FE-4138-A1B9-70B51B9DCE49}.Ad-Hoc|ARM.Build.0 = Release|Any CPU
		{6DAC4972-92FE-4138-A1B9-70B51B9DCE49}.Ad-Hoc|iPhone.ActiveCfg = Release|Any CPU
		{6DAC4972-92FE-4138-A1B9-70B51B9DCE49}.Ad-Hoc|iPhone.Build.0 = Release|Any CPU
		{6DAC4972-92FE-4138-A1B9-70B51B9DCE49}.Ad-Hoc|iPhoneSimulator.ActiveCfg = Release|Any CPU
		{6DAC4972-92FE-4138-A1B9-70B51B9DCE49}.Ad-Hoc|iPhoneSimulator.Build.0 = Release|Any CPU
		{6DAC4972-92FE-4138-A1B9-70B51B9DCE49}.Ad-Hoc|x64.ActiveCfg = Release|Any CPU
		{6DAC4972-92FE-4138-A1B9-70B51B9DCE49}.Ad-Hoc|x64.Build.0 = Release|Any CPU
		{6DAC4972-92FE-4138-A1B9-70B51B9DCE49}.Ad-Hoc|x86.ActiveCfg = Release|Any CPU
		{6DAC4972-92FE-4138-A1B9-70B51B9DCE49}.Ad-Hoc|x86.Build.0 = Release|Any CPU
		{6DAC4972-92FE-4138-A1B9-70B51B9DCE49}.AppStore|Any CPU.ActiveCfg = Release|Any CPU
		{6DAC4972-92FE-4138-A1B9-70B51B9DCE49}.AppStore|Any CPU.Build.0 = Release|Any CPU
		{6DAC4972-92FE-4138-A1B9-70B51B9DCE49}.AppStore|ARM.ActiveCfg = Release|Any CPU
		{6DAC4972-92FE-4138-A1B9-70B51B9DCE49}.AppStore|ARM.Build.0 = Release|Any CPU
		{6DAC4972-92FE-4138-A1B9-70B51B9DCE49}.AppStore|iPhone.ActiveCfg = Release|Any CPU
		{6DAC4972-92FE-4138-A1B9-70B51B9DCE49}.AppStore|iPhone.Build.0 = Release|Any CPU
		{6DAC4972-92FE-4138-A1B9-70B51B9DCE49}.AppStore|iPhoneSimulator.ActiveCfg = Release|Any CPU
		{6DAC4972-92FE-4138-A1B9-70B51B9DCE49}.AppStore|iPhoneSimulator.Build.0 = Release|Any CPU
		{6DAC4972-92FE-4138-A1B9-70B51B9DCE49}.AppStore|x64.ActiveCfg = Release|Any CPU
		{6DAC4972-92FE-4138-A1B9-70B51B9DCE49}.AppStore|x64.Build.0 = Release|Any CPU
		{6DAC4972-92FE-4138-A1B9-70B51B9DCE49}.AppStore|x86.ActiveCfg = Release|Any CPU
		{6DAC4972-92FE-4138-A1B9-70B51B9DCE49}.AppStore|x86.Build.0 = Release|Any CPU
		{6DAC4972-92FE-4138-A1B9-70B51B9DCE49}.Debug|Any CPU.ActiveCfg = Debug|Any CPU
		{6DAC4972-92FE-4138-A1B9-70B51B9DCE49}.Debug|Any CPU.Build.0 = Debug|Any CPU
		{6DAC4972-92FE-4138-A1B9-70B51B9DCE49}.Debug|ARM.ActiveCfg = Debug|Any CPU
		{6DAC4972-92FE-4138-A1B9-70B51B9DCE49}.Debug|ARM.Build.0 = Debug|Any CPU
		{6DAC4972-92FE-4138-A1B9-70B51B9DCE49}.Debug|iPhone.ActiveCfg = Debug|Any CPU
		{6DAC4972-92FE-4138-A1B9-70B51B9DCE49}.Debug|iPhone.Build.0 = Debug|Any CPU
		{6DAC4972-92FE-4138-A1B9-70B51B9DCE49}.Debug|iPhoneSimulator.ActiveCfg = Debug|Any CPU
		{6DAC4972-92FE-4138-A1B9-70B51B9DCE49}.Debug|iPhoneSimulator.Build.0 = Debug|Any CPU
		{6DAC4972-92FE-4138-A1B9-70B51B9DCE49}.Debug|x64.ActiveCfg = Debug|Any CPU
		{6DAC4972-92FE-4138-A1B9-70B51B9DCE49}.Debug|x64.Build.0 = Debug|Any CPU
		{6DAC4972-92FE-4138-A1B9-70B51B9DCE49}.Debug|x86.ActiveCfg = Debug|Any CPU
		{6DAC4972-92FE-4138-A1B9-70B51B9DCE49}.Debug|x86.Build.0 = Debug|Any CPU
		{6DAC4972-92FE-4138-A1B9-70B51B9DCE49}.Release|Any CPU.ActiveCfg = Release|Any CPU
		{6DAC4972-92FE-4138-A1B9-70B51B9DCE49}.Release|Any CPU.Build.0 = Release|Any CPU
		{6DAC4972-92FE-4138-A1B9-70B51B9DCE49}.Release|ARM.ActiveCfg = Release|Any CPU
		{6DAC4972-92FE-4138-A1B9-70B51B9DCE49}.Release|ARM.Build.0 = Release|Any CPU
		{6DAC4972-92FE-4138-A1B9-70B51B9DCE49}.Release|iPhone.ActiveCfg = Release|Any CPU
		{6DAC4972-92FE-4138-A1B9-70B51B9DCE49}.Release|iPhone.Build.0 = Release|Any CPU
		{6DAC4972-92FE-4138-A1B9-70B51B9DCE49}.Release|iPhoneSimulator.ActiveCfg = Release|Any CPU
		{6DAC4972-92FE-4138-A1B9-70B51B9DCE49}.Release|iPhoneSimulator.Build.0 = Release|Any CPU
		{6DAC4972-92FE-4138-A1B9-70B51B9DCE49}.Release|x64.ActiveCfg = Release|Any CPU
		{6DAC4972-92FE-4138-A1B9-70B51B9DCE49}.Release|x64.Build.0 = Release|Any CPU
		{6DAC4972-92FE-4138-A1B9-70B51B9DCE49}.Release|x86.ActiveCfg = Release|Any CPU
		{6DAC4972-92FE-4138-A1B9-70B51B9DCE49}.Release|x86.Build.0 = Release|Any CPU
		{E9F95706-D21D-4DC4-9A83-E291A3A129EE}.Ad-Hoc|Any CPU.ActiveCfg = Release|Any CPU
		{E9F95706-D21D-4DC4-9A83-E291A3A129EE}.Ad-Hoc|Any CPU.Build.0 = Release|Any CPU
		{E9F95706-D21D-4DC4-9A83-E291A3A129EE}.Ad-Hoc|ARM.ActiveCfg = Release|Any CPU
		{E9F95706-D21D-4DC4-9A83-E291A3A129EE}.Ad-Hoc|ARM.Build.0 = Release|Any CPU
		{E9F95706-D21D-4DC4-9A83-E291A3A129EE}.Ad-Hoc|iPhone.ActiveCfg = Release|Any CPU
		{E9F95706-D21D-4DC4-9A83-E291A3A129EE}.Ad-Hoc|iPhone.Build.0 = Release|Any CPU
		{E9F95706-D21D-4DC4-9A83-E291A3A129EE}.Ad-Hoc|iPhoneSimulator.ActiveCfg = Release|Any CPU
		{E9F95706-D21D-4DC4-9A83-E291A3A129EE}.Ad-Hoc|iPhoneSimulator.Build.0 = Release|Any CPU
		{E9F95706-D21D-4DC4-9A83-E291A3A129EE}.Ad-Hoc|x64.ActiveCfg = Release|Any CPU
		{E9F95706-D21D-4DC4-9A83-E291A3A129EE}.Ad-Hoc|x64.Build.0 = Release|Any CPU
		{E9F95706-D21D-4DC4-9A83-E291A3A129EE}.Ad-Hoc|x86.ActiveCfg = Release|Any CPU
		{E9F95706-D21D-4DC4-9A83-E291A3A129EE}.Ad-Hoc|x86.Build.0 = Release|Any CPU
		{E9F95706-D21D-4DC4-9A83-E291A3A129EE}.AppStore|Any CPU.ActiveCfg = Release|Any CPU
		{E9F95706-D21D-4DC4-9A83-E291A3A129EE}.AppStore|Any CPU.Build.0 = Release|Any CPU
		{E9F95706-D21D-4DC4-9A83-E291A3A129EE}.AppStore|ARM.ActiveCfg = Release|Any CPU
		{E9F95706-D21D-4DC4-9A83-E291A3A129EE}.AppStore|ARM.Build.0 = Release|Any CPU
		{E9F95706-D21D-4DC4-9A83-E291A3A129EE}.AppStore|iPhone.ActiveCfg = Release|Any CPU
		{E9F95706-D21D-4DC4-9A83-E291A3A129EE}.AppStore|iPhone.Build.0 = Release|Any CPU
		{E9F95706-D21D-4DC4-9A83-E291A3A129EE}.AppStore|iPhoneSimulator.ActiveCfg = Release|Any CPU
		{E9F95706-D21D-4DC4-9A83-E291A3A129EE}.AppStore|iPhoneSimulator.Build.0 = Release|Any CPU
		{E9F95706-D21D-4DC4-9A83-E291A3A129EE}.AppStore|x64.ActiveCfg = Release|Any CPU
		{E9F95706-D21D-4DC4-9A83-E291A3A129EE}.AppStore|x64.Build.0 = Release|Any CPU
		{E9F95706-D21D-4DC4-9A83-E291A3A129EE}.AppStore|x86.ActiveCfg = Release|Any CPU
		{E9F95706-D21D-4DC4-9A83-E291A3A129EE}.AppStore|x86.Build.0 = Release|Any CPU
		{E9F95706-D21D-4DC4-9A83-E291A3A129EE}.Debug|Any CPU.ActiveCfg = Debug|Any CPU
		{E9F95706-D21D-4DC4-9A83-E291A3A129EE}.Debug|Any CPU.Build.0 = Debug|Any CPU
		{E9F95706-D21D-4DC4-9A83-E291A3A129EE}.Debug|ARM.ActiveCfg = Debug|Any CPU
		{E9F95706-D21D-4DC4-9A83-E291A3A129EE}.Debug|ARM.Build.0 = Debug|Any CPU
		{E9F95706-D21D-4DC4-9A83-E291A3A129EE}.Debug|iPhone.ActiveCfg = Debug|Any CPU
		{E9F95706-D21D-4DC4-9A83-E291A3A129EE}.Debug|iPhone.Build.0 = Debug|Any CPU
		{E9F95706-D21D-4DC4-9A83-E291A3A129EE}.Debug|iPhoneSimulator.ActiveCfg = Debug|Any CPU
		{E9F95706-D21D-4DC4-9A83-E291A3A129EE}.Debug|iPhoneSimulator.Build.0 = Debug|Any CPU
		{E9F95706-D21D-4DC4-9A83-E291A3A129EE}.Debug|x64.ActiveCfg = Debug|Any CPU
		{E9F95706-D21D-4DC4-9A83-E291A3A129EE}.Debug|x64.Build.0 = Debug|Any CPU
		{E9F95706-D21D-4DC4-9A83-E291A3A129EE}.Debug|x86.ActiveCfg = Debug|Any CPU
		{E9F95706-D21D-4DC4-9A83-E291A3A129EE}.Debug|x86.Build.0 = Debug|Any CPU
		{E9F95706-D21D-4DC4-9A83-E291A3A129EE}.Release|Any CPU.ActiveCfg = Release|Any CPU
		{E9F95706-D21D-4DC4-9A83-E291A3A129EE}.Release|Any CPU.Build.0 = Release|Any CPU
		{E9F95706-D21D-4DC4-9A83-E291A3A129EE}.Release|ARM.ActiveCfg = Release|Any CPU
		{E9F95706-D21D-4DC4-9A83-E291A3A129EE}.Release|ARM.Build.0 = Release|Any CPU
		{E9F95706-D21D-4DC4-9A83-E291A3A129EE}.Release|iPhone.ActiveCfg = Release|Any CPU
		{E9F95706-D21D-4DC4-9A83-E291A3A129EE}.Release|iPhone.Build.0 = Release|Any CPU
		{E9F95706-D21D-4DC4-9A83-E291A3A129EE}.Release|iPhoneSimulator.ActiveCfg = Release|Any CPU
		{E9F95706-D21D-4DC4-9A83-E291A3A129EE}.Release|iPhoneSimulator.Build.0 = Release|Any CPU
		{E9F95706-D21D-4DC4-9A83-E291A3A129EE}.Release|x64.ActiveCfg = Release|Any CPU
		{E9F95706-D21D-4DC4-9A83-E291A3A129EE}.Release|x64.Build.0 = Release|Any CPU
		{E9F95706-D21D-4DC4-9A83-E291A3A129EE}.Release|x86.ActiveCfg = Release|Any CPU
		{E9F95706-D21D-4DC4-9A83-E291A3A129EE}.Release|x86.Build.0 = Release|Any CPU
		{EBF413A6-7286-49EC-B5CF-8513BB8D30B2}.Ad-Hoc|Any CPU.ActiveCfg = Release|Any CPU
		{EBF413A6-7286-49EC-B5CF-8513BB8D30B2}.Ad-Hoc|Any CPU.Build.0 = Release|Any CPU
		{EBF413A6-7286-49EC-B5CF-8513BB8D30B2}.Ad-Hoc|ARM.ActiveCfg = Release|Any CPU
		{EBF413A6-7286-49EC-B5CF-8513BB8D30B2}.Ad-Hoc|ARM.Build.0 = Release|Any CPU
		{EBF413A6-7286-49EC-B5CF-8513BB8D30B2}.Ad-Hoc|iPhone.ActiveCfg = Release|Any CPU
		{EBF413A6-7286-49EC-B5CF-8513BB8D30B2}.Ad-Hoc|iPhone.Build.0 = Release|Any CPU
		{EBF413A6-7286-49EC-B5CF-8513BB8D30B2}.Ad-Hoc|iPhoneSimulator.ActiveCfg = Release|Any CPU
		{EBF413A6-7286-49EC-B5CF-8513BB8D30B2}.Ad-Hoc|iPhoneSimulator.Build.0 = Release|Any CPU
		{EBF413A6-7286-49EC-B5CF-8513BB8D30B2}.Ad-Hoc|x64.ActiveCfg = Release|Any CPU
		{EBF413A6-7286-49EC-B5CF-8513BB8D30B2}.Ad-Hoc|x64.Build.0 = Release|Any CPU
		{EBF413A6-7286-49EC-B5CF-8513BB8D30B2}.Ad-Hoc|x86.ActiveCfg = Release|Any CPU
		{EBF413A6-7286-49EC-B5CF-8513BB8D30B2}.Ad-Hoc|x86.Build.0 = Release|Any CPU
		{EBF413A6-7286-49EC-B5CF-8513BB8D30B2}.AppStore|Any CPU.ActiveCfg = Release|Any CPU
		{EBF413A6-7286-49EC-B5CF-8513BB8D30B2}.AppStore|Any CPU.Build.0 = Release|Any CPU
		{EBF413A6-7286-49EC-B5CF-8513BB8D30B2}.AppStore|ARM.ActiveCfg = Release|Any CPU
		{EBF413A6-7286-49EC-B5CF-8513BB8D30B2}.AppStore|ARM.Build.0 = Release|Any CPU
		{EBF413A6-7286-49EC-B5CF-8513BB8D30B2}.AppStore|iPhone.ActiveCfg = Release|Any CPU
		{EBF413A6-7286-49EC-B5CF-8513BB8D30B2}.AppStore|iPhone.Build.0 = Release|Any CPU
		{EBF413A6-7286-49EC-B5CF-8513BB8D30B2}.AppStore|iPhoneSimulator.ActiveCfg = Release|Any CPU
		{EBF413A6-7286-49EC-B5CF-8513BB8D30B2}.AppStore|iPhoneSimulator.Build.0 = Release|Any CPU
		{EBF413A6-7286-49EC-B5CF-8513BB8D30B2}.AppStore|x64.ActiveCfg = Release|Any CPU
		{EBF413A6-7286-49EC-B5CF-8513BB8D30B2}.AppStore|x64.Build.0 = Release|Any CPU
		{EBF413A6-7286-49EC-B5CF-8513BB8D30B2}.AppStore|x86.ActiveCfg = Release|Any CPU
		{EBF413A6-7286-49EC-B5CF-8513BB8D30B2}.AppStore|x86.Build.0 = Release|Any CPU
		{EBF413A6-7286-49EC-B5CF-8513BB8D30B2}.Debug|Any CPU.ActiveCfg = Debug|Any CPU
		{EBF413A6-7286-49EC-B5CF-8513BB8D30B2}.Debug|Any CPU.Build.0 = Debug|Any CPU
		{EBF413A6-7286-49EC-B5CF-8513BB8D30B2}.Debug|ARM.ActiveCfg = Debug|Any CPU
		{EBF413A6-7286-49EC-B5CF-8513BB8D30B2}.Debug|ARM.Build.0 = Debug|Any CPU
		{EBF413A6-7286-49EC-B5CF-8513BB8D30B2}.Debug|iPhone.ActiveCfg = Debug|Any CPU
		{EBF413A6-7286-49EC-B5CF-8513BB8D30B2}.Debug|iPhone.Build.0 = Debug|Any CPU
		{EBF413A6-7286-49EC-B5CF-8513BB8D30B2}.Debug|iPhoneSimulator.ActiveCfg = Debug|Any CPU
		{EBF413A6-7286-49EC-B5CF-8513BB8D30B2}.Debug|iPhoneSimulator.Build.0 = Debug|Any CPU
		{EBF413A6-7286-49EC-B5CF-8513BB8D30B2}.Debug|x64.ActiveCfg = Debug|Any CPU
		{EBF413A6-7286-49EC-B5CF-8513BB8D30B2}.Debug|x64.Build.0 = Debug|Any CPU
		{EBF413A6-7286-49EC-B5CF-8513BB8D30B2}.Debug|x86.ActiveCfg = Debug|Any CPU
		{EBF413A6-7286-49EC-B5CF-8513BB8D30B2}.Debug|x86.Build.0 = Debug|Any CPU
		{EBF413A6-7286-49EC-B5CF-8513BB8D30B2}.Release|Any CPU.ActiveCfg = Release|Any CPU
		{EBF413A6-7286-49EC-B5CF-8513BB8D30B2}.Release|Any CPU.Build.0 = Release|Any CPU
		{EBF413A6-7286-49EC-B5CF-8513BB8D30B2}.Release|ARM.ActiveCfg = Release|Any CPU
		{EBF413A6-7286-49EC-B5CF-8513BB8D30B2}.Release|ARM.Build.0 = Release|Any CPU
		{EBF413A6-7286-49EC-B5CF-8513BB8D30B2}.Release|iPhone.ActiveCfg = Release|Any CPU
		{EBF413A6-7286-49EC-B5CF-8513BB8D30B2}.Release|iPhone.Build.0 = Release|Any CPU
		{EBF413A6-7286-49EC-B5CF-8513BB8D30B2}.Release|iPhoneSimulator.ActiveCfg = Release|Any CPU
		{EBF413A6-7286-49EC-B5CF-8513BB8D30B2}.Release|iPhoneSimulator.Build.0 = Release|Any CPU
		{EBF413A6-7286-49EC-B5CF-8513BB8D30B2}.Release|x64.ActiveCfg = Release|Any CPU
		{EBF413A6-7286-49EC-B5CF-8513BB8D30B2}.Release|x64.Build.0 = Release|Any CPU
		{EBF413A6-7286-49EC-B5CF-8513BB8D30B2}.Release|x86.ActiveCfg = Release|Any CPU
		{EBF413A6-7286-49EC-B5CF-8513BB8D30B2}.Release|x86.Build.0 = Release|Any CPU
	EndGlobalSection
	GlobalSection(SolutionProperties) = preSolution
		HideSolutionNode = FALSE
	EndGlobalSection
	GlobalSection(ExtensibilityGlobals) = postSolution
		SolutionGuid = {E66ED7C0-2C2C-4831-B3DD-9A71203E9CDB}
	EndGlobalSection
EndGlobal
